# Generated by pub
# See https://dart.dev/tools/pub/glossary#lockfile
packages:
  async:
    dependency: transitive
    description:
      name: async
      sha256: "947bfcf187f74dbc5e146c9eb9c0f10c9f8b30743e341481c1e2ed3ecc18c20c"
      url: "https://pub.dev"
    source: hosted
    version: "2.11.0"
  boolean_selector:
    dependency: transitive
    description:
      name: boolean_selector
      sha256: "6cfb5af12253eaf2b368f07bacc5a80d1301a071c73360d746b7f2e32d762c66"
      url: "https://pub.dev"
    source: hosted
    version: "2.1.1"
  characters:
    dependency: transitive
    description:
      name: characters
      sha256: "04a925763edad70e8443c99234dc3328f442e811f1d8fd1a72f1c8ad0f69a605"
      url: "https://pub.dev"
    source: hosted
    version: "1.3.0"
  clock:
    dependency: transitive
    description:
      name: clock
      sha256: cb6d7f03e1de671e34607e909a7213e31d7752be4fb66a86d29fe1eb14bfb5cf
      url: "https://pub.dev"
    source: hosted
    version: "1.1.1"
  collection:
    dependency: transitive
    description:
      name: collection
      sha256: ee67cb0715911d28db6bf4af1026078bd6f0128b07a5f66fb2ed94ec6783c09a
      url: "https://pub.dev"
    source: hosted
    version: "1.18.0"
  crypto:
    dependency: transitive
    description:
      name: crypto
      sha256: ff625774173754681d66daaf4a448684fb04b78f902da9cb3d308c19cc5e8bab
      url: "https://pub.dev"
    source: hosted
    version: "3.0.3"
  cupertino_icons:
    dependency: "direct main"
    description:
      name: cupertino_icons
      sha256: ba631d1c7f7bef6b729a622b7b752645a2d076dba9976925b8f25725a30e1ee6
      url: "https://pub.dev"
    source: hosted
    version: "1.0.8"
  fake_async:
    dependency: transitive
    description:
      name: fake_async
      sha256: "511392330127add0b769b75a987850d136345d9227c6b94c96a04cf4a391bf78"
      url: "https://pub.dev"
    source: hosted
    version: "1.3.1"
  ffi:
    dependency: transitive
    description:
      name: ffi
      sha256: "493f37e7df1804778ff3a53bd691d8692ddf69702cf4c1c1096a2e41b4779e21"
      url: "https://pub.dev"
    source: hosted
    version: "2.1.2"
  flutter:
    dependency: "direct main"
    description: flutter
    source: sdk
    version: "0.0.0"
  flutter_lints:
    dependency: "direct dev"
    description:
      name: flutter_lints
      sha256: "9e8c3858111da373efc5aa341de011d9bd23e2c5c5e0c62bccf32438e192d7b1"
      url: "https://pub.dev"
    source: hosted
    version: "3.0.2"
  flutter_test:
    dependency: "direct dev"
    description: flutter
    source: sdk
    version: "0.0.0"
  google_fonts:
    dependency: "direct main"
    description:
      name: google_fonts
      sha256: b1ac0fe2832c9cc95e5e88b57d627c5e68c223b9657f4b96e1487aa9098c7b82
      url: "https://pub.dev"
    source: hosted
    version: "6.2.1"
  http:
    dependency: transitive
    description:
      name: http
      sha256: "761a297c042deedc1ffbb156d6e2af13886bb305c2a343a4d972504cd67dd938"
      url: "https://pub.dev"
    source: hosted
    version: "1.2.1"
  http_parser:
    dependency: transitive
    description:
      name: http_parser
      sha256: "2aa08ce0341cc9b354a498388e30986515406668dbcc4f7c950c3e715496693b"
      url: "https://pub.dev"
    source: hosted
    version: "4.0.2"
  leak_tracker:
    dependency: transitive
    description:
      name: leak_tracker
      sha256: "7f0df31977cb2c0b88585095d168e689669a2cc9b97c309665e3386f3e9d341a"
      url: "https://pub.dev"
    source: hosted
    version: "10.0.4"
  leak_tracker_flutter_testing:
    dependency: transitive
    description:
      name: leak_tracker_flutter_testing
      sha256: "06e98f569d004c1315b991ded39924b21af84cf14cc94791b8aea337d25b57f8"
      url: "https://pub.dev"
    source: hosted
    version: "3.0.3"
  leak_tracker_testing:
    dependency: transitive
    description:
      name: leak_tracker_testing
      sha256: "6ba465d5d76e67ddf503e1161d1f4a6bc42306f9d66ca1e8f079a47290fb06d3"
      url: "https://pub.dev"
    source: hosted
    version: "3.0.1"
  lints:
    dependency: transitive
    description:
      name: lints
      sha256: cbf8d4b858bb0134ef3ef87841abdf8d63bfc255c266b7bf6b39daa1085c4290
      url: "https://pub.dev"
    source: hosted
    version: "3.0.0"
  matcher:
    dependency: transitive
    description:
      name: matcher
      sha256: d2323aa2060500f906aa31a895b4030b6da3ebdcc5619d14ce1aada65cd161cb
      url: "https://pub.dev"
    source: hosted
    version: "0.12.16+1"
  material_color_utilities:
    dependency: transitive
    description:
      name: material_color_utilities
      sha256: "0e0a020085b65b6083975e499759762399b4475f766c21668c4ecca34ea74e5a"
      url: "https://pub.dev"
    source: hosted
    version: "0.8.0"
  meta:
    dependency: transitive
    description:
      name: meta
      sha256: "7687075e408b093f36e6bbf6c91878cc0d4cd10f409506f7bc996f68220b9136"
      url: "https://pub.dev"
    source: hosted
    version: "1.11.0"
  path:
    dependency: transitive
    description:
      name: path
      sha256: "8b22be50781b2c8fef64e43a7b879e4aab3927a235d117f12b4d706d2836c92e"
      url: "https://pub.dev"
    source: hosted
    version: "1.8.3"
  path_provider:
    dependency: "direct main"
    description:
      name: path_provider
      sha256: "bd6144d4312bfb7cc7fa1662c8bfbf8dbdb58e708870b55f6f82f13dffdf5fa6"
      url: "https://pub.dev"
    source: hosted
    version: "2.0.15"
  path_provider_android:
    dependency: transitive
    description:
      name: path_provider_android
      sha256: "33c1fa58f31f2ae4233064f31bce7c3600844b8500b68c94081d7e356ec0e339"
      url: "https://pub.dev"
    source: hosted
    version: "2.0.33"
  path_provider_foundation:
    dependency: transitive
    description:
      name: path_provider_foundation
      sha256: "0110a8fe010eb5dfe7c26c6259e3c9c14b77d4a2ccad6071c16bb29a304dc21d"
      url: "https://pub.dev"
    source: hosted
    version: "2.1.11"
  path_provider_ios:
    dependency: transitive
    description:
      name: path_provider_ios
      sha256: "ac8b47059b8f24b406edcc4cb7e8a0da51039bc4257d7ad2c998ae2f5f546278"
      url: "https://pub.dev"
    source: hosted
    version: "2.0.16"
  path_provider_linux:
    dependency: transitive
    description:
      name: path_provider_linux
      sha256: "96b2b36ee93c99e95cda0e26783f35f846c9b6e8aa6ad071d57f39bb60c112d4"
      url: "https://pub.dev"
    source: hosted
    version: "2.1.8"
  path_provider_macos:
    dependency: transitive
    description:
      name: path_provider_macos
      sha256: "39b8da460f96b5b1dc88e4d5018d519002cfce5356d2eb05e3c69ab94d06b2b2"
      url: "https://pub.dev"
    source: hosted
    version: "2.0.8"
  path_provider_platform_interface:
    dependency: transitive
    description:
      name: path_provider_platform_interface
      sha256: "42fd300e2c13bc4ad991d2082e9a01601e71cfdebdc91cf6d04f97fa2097d62c"
      url: "https://pub.dev"
    source: hosted
    version: "2.0.9"
  path_provider_windows:
    dependency: transitive
    description:
      name: path_provider_windows
      sha256: "293c0f8e5a8a91ef19c7304f9e6639894a6db50b01299c0cc62b53f6afc1e0b8"
      url: "https://pub.dev"
    source: hosted
    version: "2.1.6"
  plugin_platform_interface:
    dependency: transitive
    description:
      name: plugin_platform_interface
      sha256: "4c117b05e94ae1da92e81e7be716a3a7a9a7eeb6d8f7db7c21d13b107f285bfc"
      url: "https://pub.dev"
    source: hosted
    version: "2.1.4"
  source_span:
    dependency: transitive
    description:
      name: source_span
      sha256: e246329ef94e7007b11a658249d5036b2f8af62c8001b4f3ad40b881a2709ec2
      url: "https://pub.dev"
    source: hosted
    version: "1.9.1"
  stack_trace:
    dependency: transitive
    description:
      name: stack_trace
      sha256: 0fc8f4f5ec65f3a8b7d305f6d2d257c7afda91b8a688a7c6d88a2021e61fd00e
      url: "https://pub.dev"
    source: hosted
    version: "1.11.0"
  stream_channel:
    dependency: transitive
    description:
      name: stream_channel
      sha256: "cf92d1c4b6ffddf4ef5ef5c6602e2108c7e770ea6247e6d7b0c336cc4ff7c841"
      url: "https://pub.dev"
    source: hosted
    version: "2.1.1"
  string_scanner:
    dependency: transitive
    description:
      name: string_scanner
      sha256: 9fc0d416f98dc50a05abf9af4f4d8c7ee6e7e06f3799183e9da1ed2b10cb0161
      url: "https://pub.dev"
    source: hosted
    version: "1.3.1"
  term_glyph:
    dependency: transitive
    description:
      name: term_glyph
      sha256: d296277006f2c3005f5de239014135efb63524c51bcd6a7f2bca11ae82ed0794
      url: "https://pub.dev"
    source: hosted
    version: "1.2.1"
  test_api:
    dependency: transitive
    description:
      name: test_api
      sha256: "45f7b16541f9c61d6cda73f7245c5b310f7dff6c398c527d0511f448e920bf2b"
      url: "https://pub.dev"
    source: hosted
    version: "0.7.0"
  typed_data:
    dependency: transitive
    description:
      name: typed_data
      sha256: "c8cbcbf94d099fba40b3299fa15667f2b1b0ff6d3d6a0f78b1e06ddf2645e7f1"
      url: "https://pub.dev"
    source: hosted
    version: "1.3.1"
  vector_math:
    dependency: transitive
    description:
      name: vector_math
      sha256: "e6c86d3b52b4b36c4e5d6e55bdb80bc5c5db4e3371a5f03c8b8d8f7a6809a9ed"
      url: "https://pub.dev"
    source: hosted
    version: "2.1.3"
  vm_service:
    dependency: transitive
    description:
      name: vm_service
      sha256: "486ff726878d74c52a64095ed4930149188b54d30e9686018bfb43825d8d4043"
      url: "https://pub.dev"
    source: hosted
    version: "14.2.1"
  win32:
    dependency: transitive
    description:
      name: win32
      sha256: "4e850e7fc60fc3680026f70d804d04f24e6481b5bfa5e3a6f5d7d34b11fa1b2f"
      url: "https://pub.dev"
    source: hosted
    version: "3.1.9"
  xdg_directories:
    dependency: transitive
    description:
      name: xdg_directories
      sha256: "9d5e7cf27a2734ffbff0a3885c8c4eac9f1f4beee85e06cf860df69c4e36c6d7"
      url: "https://pub.dev"
    source: hosted
    version: "0.2.0+4"
  yaml:
    dependency: transitive
    description:
      name: yaml
      sha256: 7466e11340c600ef16120ec6ad08eeb36ebd473b62f251a7d24bba1d80a93d78
      url: "https://pub.dev"
    source: hosted
    version: "3.2.1"
sdks:
  dart: ">=3.19.2 <4.0.0"
  flutter: ">=3.10.6"

